{
    "_meta": {
        "hash": {
            "sha256": "c212ec47a594af93c2c36f29140861f6978da67847be5a4165d9b39e9691b5d3"
        },
        "pipfile-spec": 6,
        "requires": {
            "python_version": "3.8"
        },
        "sources": [
            {
                "name": "pypi",
                "url": "https://pypi.org/simple",
                "verify_ssl": true
            }
        ]
    },
    "default": {
        "certifi": {
            "hashes": [
                "sha256:0d9c601124e5a6ba9712dbc60d9c53c21e34f5f641fe83002317394311bdce14",
                "sha256:90c1a32f1d68f940488354e36370f6cca89f0f106db09518524c88d6ed83f382"
            ],
            "markers": "python_version >= '3.6'",
            "version": "==2022.9.24"
        },
        "chardet": {
            "hashes": [
                "sha256:84ab92ed1c4d4f16916e05906b6b75a6c0fb5db821cc65e70cbd64a3e2a5eaae",
                "sha256:fc323ffcaeaed0e0a02bf4d117757b98aed530d9ed4531e3e15460124c106691"
            ],
            "version": "==3.0.4"
        },
        "click": {
            "hashes": [
                "sha256:d2b5255c7c6349bc1bd1e59e08cd12acbbd63ce649f2588755783aa94dfb6b1a",
                "sha256:dacca89f4bfadd5de3d7489b7c8a566eee0d3676333fbb50030263894c38c0dc"
            ],
            "markers": "python_version >= '2.7' and python_version not in '3.0, 3.1, 3.2, 3.3, 3.4'",
            "version": "==7.1.2"
        },
        "fastapi": {
            "hashes": [
                "sha256:96f964c3d9da8183f824857ad67c16c00ff3297e7bbca6748f60bd8485ded38c",
                "sha256:9a4faa0e2b9c88a3772f7ce15eb4005bbdd27d1230ab4a0cd3517316175014a6"
            ],
            "index": "pypi",
            "version": "==0.60.1"
        },
        "h11": {
            "hashes": [
                "sha256:33d4bca7be0fa039f4e84d50ab00531047e53d6ee8ffbc83501ea602c169cae1",
                "sha256:4bc6d6a1238b7615b266ada57e0618568066f57dd6fa967d1290ec9309b2f2f1"
            ],
            "version": "==0.9.0"
        },
        "httptools": {
            "hashes": [
                "sha256:07659649fe6b3948b6490825f89abe5eb1cec79ebfaaa0b4bf30f3f33f3c2ba8",
                "sha256:08b79e09114e6ab5c3dbf560bba2cb2257ea38cdaeaf99b7cb80d8f92622fcd9",
                "sha256:1e35aa179b67086cc600a984924a88589b90793c9c1b260152ca4908786e09df",
                "sha256:31629e1f1b89959f8c0927bad12184dc07977dcf71e24f4772934aa490aa199b",
                "sha256:851026bd63ec0af7e7592890d97d15c92b62d9e17094353f19a52c8e2b33710a",
                "sha256:8fcca4b7efe353b13a24017211334c57d055a6e132c7adffed13a10d28efca57",
                "sha256:9abd788465aa46a0f288bd3a99e53edd184177d6379e2098fd6097bb359ad9d6",
                "sha256:aebdf0bd7bf7c90ae6b3be458692bf6e9e5b610b501f9f74c7979015a51db4c4",
                "sha256:bda99a5723e7eab355ce57435c70853fc137a65aebf2f1cd4d15d96e2956da7b",
                "sha256:c1c63d860749841024951b0a78e4dec6f543d23751ef061d6ab60064c7b8b524",
                "sha256:c4111a0a8a00eff1e495d43ea5230aaf64968a48ddba8ea2d5f982efae827404",
                "sha256:dce59ee45dd6ee6c434346a5ac527c44014326f560866b4b2f414a692ee1aca8",
                "sha256:f759717ca1b2ef498c67ba4169c2b33eecf943a89f5329abcff8b89d153eb500",
                "sha256:fb7199b8fb0c50a22e77260bb59017e0c075fa80cb03bb2c8692de76e7bb7fe7",
                "sha256:fbf7ecd31c39728f251b1c095fd27c84e4d21f60a1d079a0333472ff3ae59d34"
            ],
            "markers": "sys_platform != 'win32' and sys_platform != 'cygwin' and platform_python_implementation != 'PyPy'",
            "version": "==0.1.2"
        },
        "idna": {
            "hashes": [
                "sha256:b307872f855b18632ce0c21c5e45be78c0ea7ae4c15c828c20788b26921eb3f6",
                "sha256:b97d804b1e9b523befed77c48dacec60e6dcb0b5391d57af6a65a312a90648c0"
            ],
            "markers": "python_version >= '2.7' and python_version not in '3.0, 3.1, 3.2, 3.3'",
            "version": "==2.10"
        },
        "joblib": {
            "hashes": [
                "sha256:091138ed78f800342968c523bdde947e7a305b8594b910a0fea2ab83c3c6d385",
                "sha256:e1cee4a79e4af22881164f218d4311f60074197fb707e082e803b61f6d137018"
            ],
            "index": "pypi",
            "version": "==1.2.0"
        },
        "numpy": {
            "hashes": [
                "sha256:004f0efcb2fe1c0bd6ae1fcfc69cc8b6bf2407e0f18be308612007a0762b4089",
                "sha256:09f6b7bdffe57fc61d869a22f506049825d707b288039d30f26a0d0d8ea05164",
                "sha256:0ea3f98a0ffce3f8f57675eb9119f3f4edb81888b6874bc1953f91e0b1d4f440",
                "sha256:17c0e467ade9bda685d5ac7f5fa729d8d3e76b23195471adae2d6a6941bd2c18",
                "sha256:1f27b5322ac4067e67c8f9378b41c746d8feac8bdd0e0ffede5324667b8a075c",
                "sha256:22d43376ee0acd547f3149b9ec12eec2f0ca4a6ab2f61753c5b29bb3e795ac4d",
                "sha256:2ad3ec9a748a8943e6eb4358201f7e1c12ede35f510b1a2221b70af4bb64295c",
                "sha256:301c00cf5e60e08e04d842fc47df641d4a181e651c7135c50dc2762ffe293dbd",
                "sha256:39a664e3d26ea854211867d20ebcc8023257c1800ae89773cbba9f9e97bae036",
                "sha256:51bf49c0cd1d52be0a240aa66f3458afc4b95d8993d2d04f0d91fa60c10af6cd",
                "sha256:78a63d2df1d947bd9d1b11d35564c2f9e4b57898aae4626638056ec1a231c40c",
                "sha256:7cd1328e5bdf0dee621912f5833648e2daca72e3839ec1d6695e91089625f0b4",
                "sha256:8355fc10fd33a5a70981a5b8a0de51d10af3688d7a9e4a34fcc8fa0d7467bb7f",
                "sha256:8c79d7cf86d049d0c5089231a5bcd31edb03555bd93d81a16870aa98c6cfb79d",
                "sha256:91b8d6768a75247026e951dce3b2aac79dc7e78622fc148329135ba189813584",
                "sha256:94c15ca4e52671a59219146ff584488907b1f9b3fc232622b47e2cf832e94fb8",
                "sha256:98dcbc02e39b1658dc4b4508442a560fe3ca5ca0d989f0df062534e5ca3a5c1a",
                "sha256:a64403f634e5ffdcd85e0b12c08f04b3080d3e840aef118721021f9b48fc1460",
                "sha256:bc6e8da415f359b578b00bcfb1d08411c96e9a97f9e6c7adada554a0812a6cc6",
                "sha256:bdc9febce3e68b697d931941b263c59e0c74e8f18861f4064c1f712562903411",
                "sha256:c1ba66c48b19cc9c2975c0d354f24058888cdc674bebadceb3cdc9ec403fb5d1",
                "sha256:c9f707b5bb73bf277d812ded9896f9512a43edff72712f31667d0a8c2f8e71ee",
                "sha256:d5422d6a1ea9b15577a9432e26608c73a78faf0b9039437b075cf322c92e98e7",
                "sha256:e5d5420053bbb3dd64c30e58f9363d7a9c27444c3648e61460c1237f9ec3fa14",
                "sha256:e868b0389c5ccfc092031a861d4e158ea164d8b7fdbb10e3b5689b4fc6498df6",
                "sha256:efd9d3abe5774404becdb0748178b48a218f1d8c44e0375475732211ea47c67e",
                "sha256:f8c02ec3c4c4fcb718fdf89a6c6f709b14949408e8cf2a2be5bfa9c49548fd85",
                "sha256:ffcf105ecdd9396e05a8e58e81faaaf34d3f9875f137c7372450baa5d77c9a54"
            ],
            "markers": "python_version >= '3.8'",
            "version": "==1.23.3"
        },
        "pandas": {
            "hashes": [
                "sha256:02f1e8f71cd994ed7fcb9a35b6ddddeb4314822a0e09a9c5b2d278f8cb5d4096",
                "sha256:13f75fb18486759da3ff40f5345d9dd20e7d78f2a39c5884d013456cec9876f0",
                "sha256:35b670b0abcfed7cad76f2834041dcf7ae47fd9b22b63622d67cdc933d79f453",
                "sha256:4c73f373b0800eb3062ffd13d4a7a2a6d522792fa6eb204d67a4fad0a40f03dc",
                "sha256:5759edf0b686b6f25a5d4a447ea588983a33afc8a0081a0954184a4a87fd0dd7",
                "sha256:5a7cf6044467c1356b2b49ef69e50bf4d231e773c3ca0558807cdba56b76820b",
                "sha256:69c5d920a0b2a9838e677f78f4dde506b95ea8e4d30da25859db6469ded84fa8",
                "sha256:8778a5cc5a8437a561e3276b85367412e10ae9fff07db1eed986e427d9a674f8",
                "sha256:9871ef5ee17f388f1cb35f76dc6106d40cb8165c562d573470672f4cdefa59ef",
                "sha256:9c31d52f1a7dd2bb4681d9f62646c7aa554f19e8e9addc17e8b1b20011d7522d",
                "sha256:ab8173a8efe5418bbe50e43f321994ac6673afc5c7c4839014cf6401bbdd0705",
                "sha256:ae961f1f0e270f1e4e2273f6a539b2ea33248e0e3a11ffb479d757918a5e03a9",
                "sha256:b3c4f93fcb6e97d993bf87cdd917883b7dab7d20c627699f360a8fb49e9e0b91",
                "sha256:c9410ce8a3dee77653bc0684cfa1535a7f9c291663bd7ad79e39f5ab58f67ab3",
                "sha256:f69e0f7b7c09f1f612b1f8f59e2df72faa8a6b41c5a436dde5b615aaf948f107",
                "sha256:faa42a78d1350b02a7d2f0dbe3c80791cf785663d6997891549d0f86dc49125e"
            ],
            "index": "pypi",
            "version": "==1.0.5"
        },
        "pydantic": {
            "hashes": [
                "sha256:05e00dbebbe810b33c7a7362f231893183bcc4251f3f2ff991c31d5c08240c42",
                "sha256:06094d18dd5e6f2bbf93efa54991c3240964bb663b87729ac340eb5014310624",
                "sha256:0b959f4d8211fc964772b595ebb25f7652da3f22322c007b6fed26846a40685e",
                "sha256:19b3b9ccf97af2b7519c42032441a891a5e05c68368f40865a90eb88833c2559",
                "sha256:1b6ee725bd6e83ec78b1aa32c5b1fa67a3a65badddde3976bca5fe4568f27709",
                "sha256:1ee433e274268a4b0c8fde7ad9d58ecba12b069a033ecc4645bb6303c062d2e9",
                "sha256:216f3bcbf19c726b1cc22b099dd409aa371f55c08800bcea4c44c8f74b73478d",
                "sha256:2d0567e60eb01bccda3a4df01df677adf6b437958d35c12a3ac3e0f078b0ee52",
                "sha256:2e05aed07fa02231dbf03d0adb1be1d79cabb09025dd45aa094aa8b4e7b9dcda",
                "sha256:352aedb1d71b8b0736c6d56ad2bd34c6982720644b0624462059ab29bd6e5912",
                "sha256:355639d9afc76bcb9b0c3000ddcd08472ae75318a6eb67a15866b87e2efa168c",
                "sha256:37c90345ec7dd2f1bcef82ce49b6235b40f282b94d3eec47e801baf864d15525",
                "sha256:4b8795290deaae348c4eba0cebb196e1c6b98bdbe7f50b2d0d9a4a99716342fe",
                "sha256:5760e164b807a48a8f25f8aa1a6d857e6ce62e7ec83ea5d5c5a802eac81bad41",
                "sha256:6eb843dcc411b6a2237a694f5e1d649fc66c6064d02b204a7e9d194dff81eb4b",
                "sha256:7b5ba54d026c2bd2cb769d3468885f23f43710f651688e91f5fb1edcf0ee9283",
                "sha256:7c2abc4393dea97a4ccbb4ec7d8658d4e22c4765b7b9b9445588f16c71ad9965",
                "sha256:81a7b66c3f499108b448f3f004801fcd7d7165fb4200acb03f1c2402da73ce4c",
                "sha256:91b8e218852ef6007c2b98cd861601c6a09f1aa32bbbb74fab5b1c33d4a1e410",
                "sha256:9300fcbebf85f6339a02c6994b2eb3ff1b9c8c14f502058b5bf349d42447dcf5",
                "sha256:9cabf4a7f05a776e7793e72793cd92cc865ea0e83a819f9ae4ecccb1b8aa6116",
                "sha256:a1f5a63a6dfe19d719b1b6e6106561869d2efaca6167f84f5ab9347887d78b98",
                "sha256:a4c805731c33a8db4b6ace45ce440c4ef5336e712508b4d9e1aafa617dc9907f",
                "sha256:ae544c47bec47a86bc7d350f965d8b15540e27e5aa4f55170ac6a75e5f73b644",
                "sha256:b97890e56a694486f772d36efd2ba31612739bc6f3caeee50e9e7e3ebd2fdd13",
                "sha256:bb6ad4489af1bac6955d38ebcb95079a836af31e4c4f74aba1ca05bb9f6027bd",
                "sha256:bedf309630209e78582ffacda64a21f96f3ed2e51fbf3962d4d488e503420254",
                "sha256:c1ba1afb396148bbc70e9eaa8c06c1716fdddabaf86e7027c5988bae2a829ab6",
                "sha256:c33602f93bfb67779f9c507e4d69451664524389546bacfe1bee13cae6dc7488",
                "sha256:c4aac8e7103bf598373208f6299fa9a5cfd1fc571f2d40bf1dd1955a63d6eeb5",
                "sha256:c6f981882aea41e021f72779ce2a4e87267458cc4d39ea990729e21ef18f0f8c",
                "sha256:cc78cc83110d2f275ec1970e7a831f4e371ee92405332ebfe9860a715f8336e1",
                "sha256:d49f3db871575e0426b12e2f32fdb25e579dea16486a26e5a0474af87cb1ab0a",
                "sha256:dd3f9a40c16daf323cf913593083698caee97df2804aa36c4b3175d5ac1b92a2",
                "sha256:e0bedafe4bc165ad0a56ac0bd7695df25c50f76961da29c050712596cf092d6d",
                "sha256:e9069e1b01525a96e6ff49e25876d90d5a563bc31c658289a8772ae186552236"
            ],
            "markers": "python_version >= '3.7'",
            "version": "==1.10.2"
        },
        "python-dateutil": {
            "hashes": [
                "sha256:0123cacc1627ae19ddf3c27a5de5bd67ee4586fbdd6440d9748f8abb483d3e86",
                "sha256:961d03dc3453ebbc59dbdea9e4e11c5651520a876d0f4db161e8674aae935da9"
            ],
            "markers": "python_version >= '2.7' and python_version not in '3.0, 3.1, 3.2, 3.3'",
            "version": "==2.8.2"
        },
        "pytz": {
            "hashes": [
                "sha256:220f481bdafa09c3955dfbdddb7b57780e9a94f5127e35456a48589b9e0c0197",
                "sha256:cea221417204f2d1a2aa03ddae3e867921971d0d76f14d87abb4414415bbdcf5"
            ],
            "version": "==2022.2.1"
        },
        "requests": {
            "hashes": [
                "sha256:b3559a131db72c33ee969480840fff4bb6dd111de7dd27c8ee1f820f4f00231b",
                "sha256:fe75cc94a9443b9246fc7049224f75604b113c36acb93f87b80ed42c44cbb898"
            ],
            "index": "pypi",
            "version": "==2.24.0"
        },
        "scikit-learn": {
            "hashes": [
                "sha256:04799686060ecbf8992f26a35be1d99e981894c8c7860c1365cda4200f954a16",
                "sha256:058d213092de4384710137af1300ed0ff030b8c40459a6c6f73c31ccd274cc39",
                "sha256:0c3464e46ef8bd4f1bfa5c009648c6449412c8f7e9b3fc0c9e3d800139c48827",
                "sha256:0e7b55f73b35537ecd0d19df29dd39aa9e076dba78f3507b8136c819d84611fd",
                "sha256:16feae4361be6b299d4d08df5a30956b4bfc8eadf173fe9258f6d59630f851d4",
                "sha256:244ca85d6eba17a1e6e8a66ab2f584be6a7784b5f59297e3d7ff8c7983af627c",
                "sha256:3e6e92b495eee193a8fa12a230c9b7976ea0fc1263719338e35c986ea1e42cff",
                "sha256:5bcea4d6ee431c814261117281363208408aa4e665633655895feb059021aca6",
                "sha256:93f56abd316d131645559ec0ab4f45e3391c2ccdd4eadaa4912f4c1e0a6f2c96",
                "sha256:9e04c0811ea92931ee8490d638171b8cb2f21387efcfff526bbc8c2a3da60f1c",
                "sha256:bded94236e16774385202cafd26190ce96db18e4dc21e99473848c61e4fdc400",
                "sha256:c2fa33d20408b513cf432505c80e6eb4bf4d71434f1ae36680765d4a2c2a16ec",
                "sha256:e3fec1c8831f8f93ad85581ca29ca1bb88e2da377fb097cf8322aa89c21bc9b8",
                "sha256:e585682e37f2faa81ad6cd4472fff646bf2fd0542147bec93697a905db8e6bd2",
                "sha256:e9879ba9e64ec3add41bf201e06034162f853652ef4849b361d73b0deb3153ad",
                "sha256:ebe853e6f318f9d8b3b74dd17e553720d35646eff675a69eeaed12fbbbb07daa"
            ],
            "index": "pypi",
            "version": "==0.23.1"
        },
        "scipy": {
            "hashes": [
                "sha256:0419485dbcd0ed78c0d5bf234c5dd63e86065b39b4d669e45810d42199d49521",
                "sha256:09412eb7fb60b8f00b328037fd814d25d261066ebc43a1e339cdce4f7502877e",
                "sha256:26d28c468900e6d5fdb37d2812ab46db0ccd22c63baa095057871faa3a498bc9",
                "sha256:34441dfbee5b002f9e15285014fd56e5e3372493c3e64ae297bae2c4b9659f5a",
                "sha256:39ab9240cd215a9349c85ab908dda6d732f7d3b4b192fa05780812495536acc4",
                "sha256:3bc1ab68b9a096f368ba06c3a5e1d1d50957a86665fc929c4332d21355e7e8f4",
                "sha256:3c6f5d1d4b9a5e4fe5e14f26ffc9444fc59473bbf8d45dc4a9a15283b7063a72",
                "sha256:47d1a95bd9d37302afcfe1b84c8011377c4f81e33649c5a5785db9ab827a6ade",
                "sha256:71487c503e036740635f18324f62a11f283a632ace9d35933b2b0a04fd898c98",
                "sha256:7a412c476a91b080e456229e413792bbb5d6202865dae963d1e6e28c2bb58691",
                "sha256:825951b88f56765aeb6e5e38ac9d7d47407cfaaeb008d40aa1b45a2d7ea2731e",
                "sha256:8cc81ac25659fec73599ccc52c989670e5ccd8974cf34bacd7b54a8d809aff1a",
                "sha256:8d3faa40ac16c6357aaf7ea50394ea6f1e8e99d75e927a51102b1943b311b4d9",
                "sha256:90c805f30c46cf60f1e76e947574f02954d25e3bb1e97aa8a07bc53aa31cf7d1",
                "sha256:96d7cf7b25c9f23c59a766385f6370dab0659741699ecc7a451f9b94604938ce",
                "sha256:b97b479f39c7e4aaf807efd0424dec74bbb379108f7d22cf09323086afcd312c",
                "sha256:bc4e2c77d4cd015d739e75e74ebbafed59ba8497a7ed0fd400231ed7683497c4",
                "sha256:c61b4a91a702e8e04aeb0bfc40460e1f17a640977c04dda8757efb0199c75332",
                "sha256:d79da472015d0120ba9b357b28a99146cd6c17b9609403164b1a8ed149b4dfc8",
                "sha256:e8fe305d9d67a81255e06203454729405706907dccbdfcc330b7b3482a6c371d",
                "sha256:eb954f5aca4d26f468bbebcdc5448348eb287f7bea536c6306f62ea062f63d9a",
                "sha256:f7c39f7dbb57cce00c108d06d731f3b0e2a4d3a95c66d96bce697684876ce4d4",
                "sha256:f950a04b33e17b38ff561d5a0951caf3f5b47caa841edd772ffb7959f20a6af0"
            ],
            "markers": "python_version < '3.12' and python_version >= '3.8'",
            "version": "==1.9.1"
        },
        "six": {
            "hashes": [
                "sha256:1e61c37477a1626458e36f7b1d82aa5c9b094fa4802892072e49de9c60c4c926",
                "sha256:8abb2f1d86890a2dfb989f9a77cfcfd3e47c2a354b01111771326f8aa26e0254"
            ],
            "markers": "python_version >= '2.7' and python_version not in '3.0, 3.1, 3.2, 3.3'",
            "version": "==1.16.0"
        },
        "starlette": {
            "hashes": [
                "sha256:bd2ffe5e37fb75d014728511f8e68ebf2c80b0fa3d04ca1479f4dc752ae31ac9",
                "sha256:ebe8ee08d9be96a3c9f31b2cb2a24dbdf845247b745664bd8a3f9bd0c977fdbc"
            ],
            "markers": "python_version >= '3.6'",
            "version": "==0.13.6"
        },
        "threadpoolctl": {
            "hashes": [
                "sha256:8b99adda265feb6773280df41eece7b2e6561b772d21ffd52e372f999024907b",
                "sha256:a335baacfaa4400ae1f0d8e3a58d6674d2f8828e3716bb2802c44955ad391380"
            ],
            "markers": "python_version >= '3.6'",
            "version": "==3.1.0"
        },
        "typing-extensions": {
            "hashes": [
                "sha256:25642c956049920a5aa49edcdd6ab1e06d7e5d467fc00e0506c44ac86fbfca02",
                "sha256:e6d2677a32f47fc7eb2795db1dd15c1f34eff616bcaf2cfb5e997f854fa1c4a6"
            ],
            "markers": "python_version >= '3.7'",
            "version": "==4.3.0"
        },
        "urllib3": {
            "hashes": [
                "sha256:8d7eaa5a82a1cac232164990f04874c594c9453ec55eef02eab885aa02fc17a2",
                "sha256:f5321fbe4bf3fefa0efd0bfe7fb14e90909eb62a48ccda331726b4319897dd5e"
            ],
            "markers": "python_version >= '2.7' and python_version not in '3.0, 3.1, 3.2, 3.3, 3.4' and python_version < '4'",
            "version": "==1.25.11"
        },
        "uvicorn": {
            "hashes": [
                "sha256:467c333c743ec6a3eb545517a0e3cac603becfa40c73c65ed46c3a4bf1c8e2d0",
                "sha256:d19a20b17445708fd222e5a7cfc3eacfb31ac269bc8fefa4920833334e199782"
            ],
            "index": "pypi",
            "version": "==0.11.6"
        },
        "uvloop": {
            "hashes": [
                "sha256:0949caf774b9fcefc7c5756bacbbbd3fc4c05a6b7eebc7c7ad6f825b23998d6d",
                "sha256:0ddf6baf9cf11a1a22c71487f39f15b2cf78eb5bde7e5b45fbb99e8a9d91b9e1",
                "sha256:1436c8673c1563422213ac6907789ecb2b070f5939b9cbff9ef7113f2b531595",
                "sha256:23609ca361a7fc587031429fa25ad2ed7242941adec948f9d10c045bfecab06b",
                "sha256:2a6149e1defac0faf505406259561bc14b034cdf1d4711a3ddcdfbaa8d825a05",
                "sha256:2deae0b0fb00a6af41fe60a675cec079615b01d68beb4cc7b722424406b126a8",
                "sha256:307958f9fc5c8bb01fad752d1345168c0abc5d62c1b72a4a8c6c06f042b45b20",
                "sha256:30babd84706115626ea78ea5dbc7dd8d0d01a2e9f9b306d24ca4ed5796c66ded",
                "sha256:3378eb62c63bf336ae2070599e49089005771cc651c8769aaad72d1bd9385a7c",
                "sha256:3d97672dc709fa4447ab83276f344a165075fd9f366a97b712bdd3fee05efae8",
                "sha256:3db8de10ed684995a7f34a001f15b374c230f7655ae840964d51496e2f8a8474",
                "sha256:3ebeeec6a6641d0adb2ea71dcfb76017602ee2bfd8213e3fcc18d8f699c5104f",
                "sha256:45cea33b208971e87a31c17622e4b440cac231766ec11e5d22c76fab3bf9df62",
                "sha256:6708f30db9117f115eadc4f125c2a10c1a50d711461699a0cbfaa45b9a78e376",
                "sha256:68532f4349fd3900b839f588972b3392ee56042e440dd5873dfbbcd2cc67617c",
                "sha256:6aafa5a78b9e62493539456f8b646f85abc7093dd997f4976bb105537cf2635e",
                "sha256:7d37dccc7ae63e61f7b96ee2e19c40f153ba6ce730d8ba4d3b4e9738c1dccc1b",
                "sha256:864e1197139d651a76c81757db5eb199db8866e13acb0dfe96e6fc5d1cf45fc4",
                "sha256:8887d675a64cfc59f4ecd34382e5b4f0ef4ae1da37ed665adba0c2badf0d6578",
                "sha256:8efcadc5a0003d3a6e887ccc1fb44dec25594f117a94e3127954c05cf144d811",
                "sha256:9b09e0f0ac29eee0451d71798878eae5a4e6a91aa275e114037b27f7db72702d",
                "sha256:a4aee22ece20958888eedbad20e4dbb03c37533e010fb824161b4f05e641f738",
                "sha256:a5abddb3558d3f0a78949c750644a67be31e47936042d4f6c888dd6f3c95f4aa",
                "sha256:c092a2c1e736086d59ac8e41f9c98f26bbf9b9222a76f21af9dfe949b99b2eb9",
                "sha256:c686a47d57ca910a2572fddfe9912819880b8765e2f01dc0dd12a9bf8573e539",
                "sha256:cbbe908fda687e39afd6ea2a2f14c2c3e43f2ca88e3a11964b297822358d0e6c",
                "sha256:ce9f61938d7155f79d3cb2ffa663147d4a76d16e08f65e2c66b77bd41b356718",
                "sha256:dbbaf9da2ee98ee2531e0c780455f2841e4675ff580ecf93fe5c48fe733b5667",
                "sha256:f1e507c9ee39c61bfddd79714e4f85900656db1aec4d40c6de55648e85c2799c",
                "sha256:ff3d00b70ce95adce264462c930fbaecb29718ba6563db354608f37e49e09024"
            ],
            "markers": "sys_platform != 'win32' and sys_platform != 'cygwin' and platform_python_implementation != 'PyPy'",
            "version": "==0.17.0"
        },
        "websockets": {
            "hashes": [
                "sha256:0e4fb4de42701340bd2353bb2eee45314651caa6ccee80dbd5f5d5978888fed5",
                "sha256:1d3f1bf059d04a4e0eb4985a887d49195e15ebabc42364f4eb564b1d065793f5",
                "sha256:20891f0dddade307ffddf593c733a3fdb6b83e6f9eef85908113e628fa5a8308",
                "sha256:295359a2cc78736737dd88c343cd0747546b2174b5e1adc223824bcaf3e164cb",
                "sha256:2db62a9142e88535038a6bcfea70ef9447696ea77891aebb730a333a51ed559a",
                "sha256:3762791ab8b38948f0c4d281c8b2ddfa99b7e510e46bd8dfa942a5fff621068c",
                "sha256:3db87421956f1b0779a7564915875ba774295cc86e81bc671631379371af1170",
                "sha256:3ef56fcc7b1ff90de46ccd5a687bbd13a3180132268c4254fc0fa44ecf4fc422",
                "sha256:4f9f7d28ce1d8f1295717c2c25b732c2bc0645db3215cf757551c392177d7cb8",
                "sha256:5c01fd846263a75bc8a2b9542606927cfad57e7282965d96b93c387622487485",
                "sha256:5c65d2da8c6bce0fca2528f69f44b2f977e06954c8512a952222cea50dad430f",
                "sha256:751a556205d8245ff94aeef23546a1113b1dd4f6e4d102ded66c39b99c2ce6c8",
                "sha256:7ff46d441db78241f4c6c27b3868c9ae71473fe03341340d2dfdbe8d79310acc",
                "sha256:965889d9f0e2a75edd81a07592d0ced54daa5b0785f57dc429c378edbcffe779",
                "sha256:9b248ba3dd8a03b1a10b19efe7d4f7fa41d158fdaa95e2cf65af5a7b95a4f989",
                "sha256:9bef37ee224e104a413f0780e29adb3e514a5b698aabe0d969a6ba426b8435d1",
                "sha256:c1ec8db4fac31850286b7cd3b9c0e1b944204668b8eb721674916d4e28744092",
                "sha256:c8a116feafdb1f84607cb3b14aa1418424ae71fee131642fc568d21423b51824",
                "sha256:ce85b06a10fc65e6143518b96d3dca27b081a740bae261c2fb20375801a9d56d",
                "sha256:d705f8aeecdf3262379644e4b55107a3b55860eb812b673b28d0fbc347a60c55",
                "sha256:e898a0863421650f0bebac8ba40840fc02258ef4714cb7e1fd76b6a6354bda36",
                "sha256:f8a7bff6e8664afc4e6c28b983845c5bc14965030e3fb98789734d416af77c4b"
            ],
            "markers": "python_full_version >= '3.6.1'",
            "version": "==8.1"
        }
    },
    "develop": {}
}
